{
  "name": "hello-node-dockerfile-angular",
  "version": "1.0.0",
  "lockfileVersion": 1,
  "requires": true,
  "dependencies": {
    "ng2-completer": {
      "version": "3.0.2",
      "resolved": "https://registry.npmjs.org/ng2-completer/-/ng2-completer-3.0.2.tgz",
      "integrity": "sha512-mmtFFZTqVQQ5akVUnH4mUEbpYfTCElY7IhDTlKLNfGAND5EzsO6N/5q0lPoV16295Hzj1p/uC7QJEiMVDg2KyA==",
      "requires": {
        "rxjs-compat": "^6.2.2"
      }
    },
    "rxjs-compat": {
      "version": "6.5.2",
      "resolved": "https://registry.npmjs.org/rxjs-compat/-/rxjs-compat-6.5.2.tgz",
      "integrity": "sha512-TRMkTp4FgSxE2HtGvxmgRukh3JqdFM7ejAj1Ti/VdodbPGfWvZR5+KdLKRV9jVDFyu2SknM8RD+PR54KGnoLjg=="
    }
  }
}
